
Microsoft Visual Studio Solution File, Format Version 12.00
# Visual Studio Version 17
VisualStudioVersion = 17.5.33627.172
MinimumVisualStudioVersion = 10.0.40219.1
Project("{FAE04EC0-301F-11D3-BF4B-00C04F79EFBC}") = "My8086", "My8086.csproj", "{F73ABDA0-0423-4276-B1E1-6CC7F8160F3D}"
EndProject
Global
	GlobalSection(SolutionConfigurationPlatforms) = preSolution
		Debug|Any CPU = Debug|Any CPU
		Release|Any CPU = Release|Any CPU
	EndGlobalSection
	GlobalSection(ProjectConfigurationPlatforms) = postSolution
		{F73ABDA0-0423-4276-B1E1-6CC7F8160F3D}.Debug|Any CPU.ActiveCfg = Debug|Any CPU
		{F73ABDA0-0423-4276-B1E1-6CC7F8160F3D}.Debug|Any CPU.Build.0 = Debug|Any CPU
		{F73ABDA0-0423-4276-B1E1-6CC7F8160F3D}.Release|Any CPU.ActiveCfg = Release|Any CPU
		{F73ABDA0-0423-4276-B1E1-6CC7F8160F3D}.Release|Any CPU.Build.0 = Release|Any CPU
	EndGlobalSection
	GlobalSection(SolutionProperties) = preSolution
		HideSolutionNode = FALSE
	EndGlobalSection
	GlobalSection(ExtensibilityGlobals) = postSolution
		SolutionGuid = {8195D4D4-E456-4DD3-A5D4-1CBA81C8CEAF}
	EndGlobalSection
EndGlobal
